
Microsoft Visual Studio Solution File, Format Version 12.00
# Visual Studio Version 16
VisualStudioVersion = 16.0.810.14
MinimumVisualStudioVersion = 10.0.40219.1
Project("{FAE04EC0-301F-11D3-BF4B-00C04F79EFBC}") = "TicTacToe", "TicTacToe\TicTacToe.csproj", "{C64B9A12-F308-4F28-8887-4E6A7969D534}"
EndProject
Project("{FAE04EC0-301F-11D3-BF4B-00C04F79EFBC}") = "TicTacToeTests", "TicTacToeTests\TicTacToeTests.csproj", "{2F7678D2-195E-4A08-9071-F19E591F676E}"
EndProject
Global
	GlobalSection(SolutionConfigurationPlatforms) = preSolution
		Debug|Any CPU = Debug|Any CPU
		Release|Any CPU = Release|Any CPU
	EndGlobalSection
	GlobalSection(ProjectConfigurationPlatforms) = postSolution
		{C64B9A12-F308-4F28-8887-4E6A7969D534}.Debug|Any CPU.ActiveCfg = Debug|Any CPU
		{C64B9A12-F308-4F28-8887-4E6A7969D534}.Debug|Any CPU.Build.0 = Debug|Any CPU
		{C64B9A12-F308-4F28-8887-4E6A7969D534}.Release|Any CPU.ActiveCfg = Release|Any CPU
		{C64B9A12-F308-4F28-8887-4E6A7969D534}.Release|Any CPU.Build.0 = Release|Any CPU
		{2F7678D2-195E-4A08-9071-F19E591F676E}.Debug|Any CPU.ActiveCfg = Debug|Any CPU
		{2F7678D2-195E-4A08-9071-F19E591F676E}.Debug|Any CPU.Build.0 = Debug|Any CPU
		{2F7678D2-195E-4A08-9071-F19E591F676E}.Release|Any CPU.ActiveCfg = Release|Any CPU
		{2F7678D2-195E-4A08-9071-F19E591F676E}.Release|Any CPU.Build.0 = Release|Any CPU
	EndGlobalSection
	GlobalSection(SolutionProperties) = preSolution
		HideSolutionNode = FALSE
	EndGlobalSection
	GlobalSection(ExtensibilityGlobals) = postSolution
		SolutionGuid = {97F52205-BBBB-4152-80DE-D8A8A5D75C2F}
	EndGlobalSection
EndGlobal
